
Microsoft Visual Studio Solution File, Format Version 12.00
# Visual Studio 14
VisualStudioVersion = 14.0.25420.1
MinimumVisualStudioVersion = 10.0.40219.1
Project("{FAE04EC0-301F-11D3-BF4B-00C04F79EFBC}") = "ReactiveGit", "ReactiveGit.Process\ReactiveGit.csproj", "{F204EA1B-817B-4227-B653-A3F485C22800}"
EndProject
Project("{FAE04EC0-301F-11D3-BF4B-00C04F79EFBC}") = "ReactiveGit.UnitTests", "ReactiveGit.Process.UnitTests\ReactiveGit.UnitTests.csproj", "{9711CCD1-DAC0-4575-8BC2-A77F26121DB6}"
EndProject
Project("{FAE04EC0-301F-11D3-BF4B-00C04F79EFBC}") = "ReactiveGit.Gui.WPF", "ReactiveGit.Gui.WPF\ReactiveGit.Gui.WPF.csproj", "{146536C0-7F87-4D4E-9FF8-A40F09ED9519}"
EndProject
Project("{FAE04EC0-301F-11D3-BF4B-00C04F79EFBC}") = "ReactiveGit.Gui.Base", "ReactiveGit.Gui.Base\ReactiveGit.Gui.Base.csproj", "{DC06F7DD-6DCA-4AD2-BA27-2981F30B2988}"
EndProject
Project("{FAE04EC0-301F-11D3-BF4B-00C04F79EFBC}") = "ReactiveGit.Gui.Uwp", "ReactiveGit.Gui.Uwp\ReactiveGit.Gui.Uwp.csproj", "{FFE7922E-A3FF-4CE1-944B-FF195D308ADD}"
EndProject
Project("{2150E333-8FDC-42A3-9474-1A3956D46DE8}") = "Solution Items", "Solution Items", "{F0A7F44F-8CAB-4952-9F0C-4B86924CEE2A}"
EndProject
Global
	GlobalSection(SolutionConfigurationPlatforms) = preSolution
		Debug|Any CPU = Debug|Any CPU
		Debug|ARM = Debug|ARM
		Debug|x64 = Debug|x64
		Debug|x86 = Debug|x86
		Release|Any CPU = Release|Any CPU
		Release|ARM = Release|ARM
		Release|x64 = Release|x64
		Release|x86 = Release|x86
	EndGlobalSection
	GlobalSection(ProjectConfigurationPlatforms) = postSolution
		{F204EA1B-817B-4227-B653-A3F485C22800}.Debug|Any CPU.ActiveCfg = Debug|Any CPU
		{F204EA1B-817B-4227-B653-A3F485C22800}.Debug|Any CPU.Build.0 = Debug|Any CPU
		{F204EA1B-817B-4227-B653-A3F485C22800}.Debug|ARM.ActiveCfg = Debug|Any CPU
		{F204EA1B-817B-4227-B653-A3F485C22800}.Debug|ARM.Build.0 = Debug|Any CPU
		{F204EA1B-817B-4227-B653-A3F485C22800}.Debug|x64.ActiveCfg = Debug|Any CPU
		{F204EA1B-817B-4227-B653-A3F485C22800}.Debug|x64.Build.0 = Debug|Any CPU
		{F204EA1B-817B-4227-B653-A3F485C22800}.Debug|x86.ActiveCfg = Debug|Any CPU
		{F204EA1B-817B-4227-B653-A3F485C22800}.Debug|x86.Build.0 = Debug|Any CPU
		{F204EA1B-817B-4227-B653-A3F485C22800}.Release|Any CPU.ActiveCfg = Release|Any CPU
		{F204EA1B-817B-4227-B653-A3F485C22800}.Release|Any CPU.Build.0 = Release|Any CPU
		{F204EA1B-817B-4227-B653-A3F485C22800}.Release|ARM.ActiveCfg = Release|Any CPU
		{F204EA1B-817B-4227-B653-A3F485C22800}.Release|ARM.Build.0 = Release|Any CPU
		{F204EA1B-817B-4227-B653-A3F485C22800}.Release|x64.ActiveCfg = Release|Any CPU
		{F204EA1B-817B-4227-B653-A3F485C22800}.Release|x64.Build.0 = Release|Any CPU
		{F204EA1B-817B-4227-B653-A3F485C22800}.Release|x86.ActiveCfg = Release|Any CPU
		{F204EA1B-817B-4227-B653-A3F485C22800}.Release|x86.Build.0 = Release|Any CPU
		{9711CCD1-DAC0-4575-8BC2-A77F26121DB6}.Debug|Any CPU.ActiveCfg = Debug|Any CPU
		{9711CCD1-DAC0-4575-8BC2-A77F26121DB6}.Debug|Any CPU.Build.0 = Debug|Any CPU
		{9711CCD1-DAC0-4575-8BC2-A77F26121DB6}.Debug|ARM.ActiveCfg = Debug|Any CPU
		{9711CCD1-DAC0-4575-8BC2-A77F26121DB6}.Debug|ARM.Build.0 = Debug|Any CPU
		{9711CCD1-DAC0-4575-8BC2-A77F26121DB6}.Debug|x64.ActiveCfg = Debug|Any CPU
		{9711CCD1-DAC0-4575-8BC2-A77F26121DB6}.Debug|x64.Build.0 = Debug|Any CPU
		{9711CCD1-DAC0-4575-8BC2-A77F26121DB6}.Debug|x86.ActiveCfg = Debug|Any CPU
		{9711CCD1-DAC0-4575-8BC2-A77F26121DB6}.Debug|x86.Build.0 = Debug|Any CPU
		{9711CCD1-DAC0-4575-8BC2-A77F26121DB6}.Release|Any CPU.ActiveCfg = Release|Any CPU
		{9711CCD1-DAC0-4575-8BC2-A77F26121DB6}.Release|Any CPU.Build.0 = Release|Any CPU
		{9711CCD1-DAC0-4575-8BC2-A77F26121DB6}.Release|ARM.ActiveCfg = Release|Any CPU
		{9711CCD1-DAC0-4575-8BC2-A77F26121DB6}.Release|ARM.Build.0 = Release|Any CPU
		{9711CCD1-DAC0-4575-8BC2-A77F26121DB6}.Release|x64.ActiveCfg = Release|Any CPU
		{9711CCD1-DAC0-4575-8BC2-A77F26121DB6}.Release|x64.Build.0 = Release|Any CPU
		{9711CCD1-DAC0-4575-8BC2-A77F26121DB6}.Release|x86.ActiveCfg = Release|Any CPU
		{9711CCD1-DAC0-4575-8BC2-A77F26121DB6}.Release|x86.Build.0 = Release|Any CPU
		{146536C0-7F87-4D4E-9FF8-A40F09ED9519}.Debug|Any CPU.ActiveCfg = Debug|Any CPU
		{146536C0-7F87-4D4E-9FF8-A40F09ED9519}.Debug|Any CPU.Build.0 = Debug|Any CPU
		{146536C0-7F87-4D4E-9FF8-A40F09ED9519}.Debug|ARM.ActiveCfg = Debug|Any CPU
		{146536C0-7F87-4D4E-9FF8-A40F09ED9519}.Debug|ARM.Build.0 = Debug|Any CPU
		{146536C0-7F87-4D4E-9FF8-A40F09ED9519}.Debug|x64.ActiveCfg = Debug|Any CPU
		{146536C0-7F87-4D4E-9FF8-A40F09ED9519}.Debug|x64.Build.0 = Debug|Any CPU
		{146536C0-7F87-4D4E-9FF8-A40F09ED9519}.Debug|x86.ActiveCfg = Debug|Any CPU
		{146536C0-7F87-4D4E-9FF8-A40F09ED9519}.Debug|x86.Build.0 = Debug|Any CPU
		{146536C0-7F87-4D4E-9FF8-A40F09ED9519}.Release|Any CPU.ActiveCfg = Release|Any CPU
		{146536C0-7F87-4D4E-9FF8-A40F09ED9519}.Release|Any CPU.Build.0 = Release|Any CPU
		{146536C0-7F87-4D4E-9FF8-A40F09ED9519}.Release|ARM.ActiveCfg = Release|Any CPU
		{146536C0-7F87-4D4E-9FF8-A40F09ED9519}.Release|ARM.Build.0 = Release|Any CPU
		{146536C0-7F87-4D4E-9FF8-A40F09ED9519}.Release|x64.ActiveCfg = Release|Any CPU
		{146536C0-7F87-4D4E-9FF8-A40F09ED9519}.Release|x64.Build.0 = Release|Any CPU
		{146536C0-7F87-4D4E-9FF8-A40F09ED9519}.Release|x86.ActiveCfg = Release|Any CPU
		{146536C0-7F87-4D4E-9FF8-A40F09ED9519}.Release|x86.Build.0 = Release|Any CPU
		{DC06F7DD-6DCA-4AD2-BA27-2981F30B2988}.Debug|Any CPU.ActiveCfg = Debug|Any CPU
		{DC06F7DD-6DCA-4AD2-BA27-2981F30B2988}.Debug|Any CPU.Build.0 = Debug|Any CPU
		{DC06F7DD-6DCA-4AD2-BA27-2981F30B2988}.Debug|ARM.ActiveCfg = Debug|Any CPU
		{DC06F7DD-6DCA-4AD2-BA27-2981F30B2988}.Debug|ARM.Build.0 = Debug|Any CPU
		{DC06F7DD-6DCA-4AD2-BA27-2981F30B2988}.Debug|x64.ActiveCfg = Debug|Any CPU
		{DC06F7DD-6DCA-4AD2-BA27-2981F30B2988}.Debug|x64.Build.0 = Debug|Any CPU
		{DC06F7DD-6DCA-4AD2-BA27-2981F30B2988}.Debug|x86.ActiveCfg = Debug|Any CPU
		{DC06F7DD-6DCA-4AD2-BA27-2981F30B2988}.Debug|x86.Build.0 = Debug|Any CPU
		{DC06F7DD-6DCA-4AD2-BA27-2981F30B2988}.Release|Any CPU.ActiveCfg = Release|Any CPU
		{DC06F7DD-6DCA-4AD2-BA27-2981F30B2988}.Release|Any CPU.Build.0 = Release|Any CPU
		{DC06F7DD-6DCA-4AD2-BA27-2981F30B2988}.Release|ARM.ActiveCfg = Release|Any CPU
		{DC06F7DD-6DCA-4AD2-BA27-2981F30B2988}.Release|ARM.Build.0 = Release|Any CPU
		{DC06F7DD-6DCA-4AD2-BA27-2981F30B2988}.Release|x64.ActiveCfg = Release|Any CPU
		{DC06F7DD-6DCA-4AD2-BA27-2981F30B2988}.Release|x64.Build.0 = Release|Any CPU
		{DC06F7DD-6DCA-4AD2-BA27-2981F30B2988}.Release|x86.ActiveCfg = Release|Any CPU
		{DC06F7DD-6DCA-4AD2-BA27-2981F30B2988}.Release|x86.Build.0 = Release|Any CPU
		{FFE7922E-A3FF-4CE1-944B-FF195D308ADD}.Debug|Any CPU.ActiveCfg = Debug|x86
		{FFE7922E-A3FF-4CE1-944B-FF195D308ADD}.Debug|ARM.ActiveCfg = Debug|ARM
		{FFE7922E-A3FF-4CE1-944B-FF195D308ADD}.Debug|ARM.Build.0 = Debug|ARM
		{FFE7922E-A3FF-4CE1-944B-FF195D308ADD}.Debug|ARM.Deploy.0 = Debug|ARM
		{FFE7922E-A3FF-4CE1-944B-FF195D308ADD}.Debug|x64.ActiveCfg = Debug|x64
		{FFE7922E-A3FF-4CE1-944B-FF195D308ADD}.Debug|x64.Build.0 = Debug|x64
		{FFE7922E-A3FF-4CE1-944B-FF195D308ADD}.Debug|x64.Deploy.0 = Debug|x64
		{FFE7922E-A3FF-4CE1-944B-FF195D308ADD}.Debug|x86.ActiveCfg = Debug|x86
		{FFE7922E-A3FF-4CE1-944B-FF195D308ADD}.Debug|x86.Build.0 = Debug|x86
		{FFE7922E-A3FF-4CE1-944B-FF195D308ADD}.Debug|x86.Deploy.0 = Debug|x86
		{FFE7922E-A3FF-4CE1-944B-FF195D308ADD}.Release|Any CPU.ActiveCfg = Release|x86
		{FFE7922E-A3FF-4CE1-944B-FF195D308ADD}.Release|ARM.ActiveCfg = Release|ARM
		{FFE7922E-A3FF-4CE1-944B-FF195D308ADD}.Release|ARM.Build.0 = Release|ARM
		{FFE7922E-A3FF-4CE1-944B-FF195D308ADD}.Release|ARM.Deploy.0 = Release|ARM
		{FFE7922E-A3FF-4CE1-944B-FF195D308ADD}.Release|x64.ActiveCfg = Release|x64
		{FFE7922E-A3FF-4CE1-944B-FF195D308ADD}.Release|x64.Build.0 = Release|x64
		{FFE7922E-A3FF-4CE1-944B-FF195D308ADD}.Release|x64.Deploy.0 = Release|x64
		{FFE7922E-A3FF-4CE1-944B-FF195D308ADD}.Release|x86.ActiveCfg = Release|x86
		{FFE7922E-A3FF-4CE1-944B-FF195D308ADD}.Release|x86.Build.0 = Release|x86
		{FFE7922E-A3FF-4CE1-944B-FF195D308ADD}.Release|x86.Deploy.0 = Release|x86
	EndGlobalSection
	GlobalSection(SolutionProperties) = preSolution
		HideSolutionNode = FALSE
	EndGlobalSection
EndGlobal
