
Microsoft Visual Studio Solution File, Format Version 12.00
# Visual Studio 14
VisualStudioVersion = 14.0.25420.1
MinimumVisualStudioVersion = 10.0.40219.1
Project("{FAE04EC0-301F-11D3-BF4B-00C04F79EFBC}") = "ReactiveGit", "ReactiveGit.Process\ReactiveGit.csproj", "{F204EA1B-817B-4227-B653-A3F485C22800}"
EndProject
Project("{FAE04EC0-301F-11D3-BF4B-00C04F79EFBC}") = "ReactiveGit.UnitTests", "ReactiveGit.Process.UnitTests\ReactiveGit.UnitTests.csproj", "{9711CCD1-DAC0-4575-8BC2-A77F26121DB6}"
EndProject
Project("{FAE04EC0-301F-11D3-BF4B-00C04F79EFBC}") = "ReactiveGit.Gui.WPF", "ReactiveGit.Gui.WPF\ReactiveGit.Gui.WPF.csproj", "{146536C0-7F87-4D4E-9FF8-A40F09ED9519}"
EndProject
Global
	GlobalSection(SolutionConfigurationPlatforms) = preSolution
		Debug|Any CPU = Debug|Any CPU
		Debug|ARM = Debug|ARM
		Debug|x64 = Debug|x64
		Debug|x86 = Debug|x86
		Release|Any CPU = Release|Any CPU
		Release|ARM = Release|ARM
		Release|x64 = Release|x64
		Release|x86 = Release|x86
	EndGlobalSection
	GlobalSection(ProjectConfigurationPlatforms) = postSolution
		{F204EA1B-817B-4227-B653-A3F485C22800}.Debug|Any CPU.ActiveCfg = Debug|Any CPU
		{F204EA1B-817B-4227-B653-A3F485C22800}.Debug|Any CPU.Build.0 = Debug|Any CPU
		{F204EA1B-817B-4227-B653-A3F485C22800}.Debug|ARM.ActiveCfg = Debug|Any CPU
		{F204EA1B-817B-4227-B653-A3F485C22800}.Debug|ARM.Build.0 = Debug|Any CPU
		{F204EA1B-817B-4227-B653-A3F485C22800}.Debug|x64.ActiveCfg = Debug|Any CPU
		{F204EA1B-817B-4227-B653-A3F485C22800}.Debug|x64.Build.0 = Debug|Any CPU
		{F204EA1B-817B-4227-B653-A3F485C22800}.Debug|x86.ActiveCfg = Debug|Any CPU
		{F204EA1B-817B-4227-B653-A3F485C22800}.Debug|x86.Build.0 = Debug|Any CPU
		{F204EA1B-817B-4227-B653-A3F485C22800}.Release|Any CPU.ActiveCfg = Release|Any CPU
		{F204EA1B-817B-4227-B653-A3F485C22800}.Release|Any CPU.Build.0 = Release|Any CPU
		{F204EA1B-817B-4227-B653-A3F485C22800}.Release|ARM.ActiveCfg = Release|Any CPU
		{F204EA1B-817B-4227-B653-A3F485C22800}.Release|ARM.Build.0 = Release|Any CPU
		{F204EA1B-817B-4227-B653-A3F485C22800}.Release|x64.ActiveCfg = Release|Any CPU
		{F204EA1B-817B-4227-B653-A3F485C22800}.Release|x64.Build.0 = Release|Any CPU
		{F204EA1B-817B-4227-B653-A3F485C22800}.Release|x86.ActiveCfg = Release|Any CPU
		{F204EA1B-817B-4227-B653-A3F485C22800}.Release|x86.Build.0 = Release|Any CPU
		{9711CCD1-DAC0-4575-8BC2-A77F26121DB6}.Debug|Any CPU.ActiveCfg = Debug|Any CPU
		{9711CCD1-DAC0-4575-8BC2-A77F26121DB6}.Debug|Any CPU.Build.0 = Debug|Any CPU
		{9711CCD1-DAC0-4575-8BC2-A77F26121DB6}.Debug|ARM.ActiveCfg = Debug|Any CPU
		{9711CCD1-DAC0-4575-8BC2-A77F26121DB6}.Debug|ARM.Build.0 = Debug|Any CPU
		{9711CCD1-DAC0-4575-8BC2-A77F26121DB6}.Debug|x64.ActiveCfg = Debug|Any CPU
		{9711CCD1-DAC0-4575-8BC2-A77F26121DB6}.Debug|x64.Build.0 = Debug|Any CPU
		{9711CCD1-DAC0-4575-8BC2-A77F26121DB6}.Debug|x86.ActiveCfg = Debug|Any CPU
		{9711CCD1-DAC0-4575-8BC2-A77F26121DB6}.Debug|x86.Build.0 = Debug|Any CPU
		{9711CCD1-DAC0-4575-8BC2-A77F26121DB6}.Release|Any CPU.ActiveCfg = Release|Any CPU
		{9711CCD1-DAC0-4575-8BC2-A77F26121DB6}.Release|Any CPU.Build.0 = Release|Any CPU
		{9711CCD1-DAC0-4575-8BC2-A77F26121DB6}.Release|ARM.ActiveCfg = Release|Any CPU
		{9711CCD1-DAC0-4575-8BC2-A77F26121DB6}.Release|ARM.Build.0 = Release|Any CPU
		{9711CCD1-DAC0-4575-8BC2-A77F26121DB6}.Release|x64.ActiveCfg = Release|Any CPU
		{9711CCD1-DAC0-4575-8BC2-A77F26121DB6}.Release|x64.Build.0 = Release|Any CPU
		{9711CCD1-DAC0-4575-8BC2-A77F26121DB6}.Release|x86.ActiveCfg = Release|Any CPU
		{9711CCD1-DAC0-4575-8BC2-A77F26121DB6}.Release|x86.Build.0 = Release|Any CPU
		{146536C0-7F87-4D4E-9FF8-A40F09ED9519}.Debug|Any CPU.ActiveCfg = Debug|Any CPU
		{146536C0-7F87-4D4E-9FF8-A40F09ED9519}.Debug|Any CPU.Build.0 = Debug|Any CPU
		{146536C0-7F87-4D4E-9FF8-A40F09ED9519}.Debug|ARM.ActiveCfg = Debug|Any CPU
		{146536C0-7F87-4D4E-9FF8-A40F09ED9519}.Debug|ARM.Build.0 = Debug|Any CPU
		{146536C0-7F87-4D4E-9FF8-A40F09ED9519}.Debug|x64.ActiveCfg = Debug|Any CPU
		{146536C0-7F87-4D4E-9FF8-A40F09ED9519}.Debug|x64.Build.0 = Debug|Any CPU
		{146536C0-7F87-4D4E-9FF8-A40F09ED9519}.Debug|x86.ActiveCfg = Debug|Any CPU
		{146536C0-7F87-4D4E-9FF8-A40F09ED9519}.Debug|x86.Build.0 = Debug|Any CPU
		{146536C0-7F87-4D4E-9FF8-A40F09ED9519}.Release|Any CPU.ActiveCfg = Release|Any CPU
		{146536C0-7F87-4D4E-9FF8-A40F09ED9519}.Release|Any CPU.Build.0 = Release|Any CPU
		{146536C0-7F87-4D4E-9FF8-A40F09ED9519}.Release|ARM.ActiveCfg = Release|Any CPU
		{146536C0-7F87-4D4E-9FF8-A40F09ED9519}.Release|ARM.Build.0 = Release|Any CPU
		{146536C0-7F87-4D4E-9FF8-A40F09ED9519}.Release|x64.ActiveCfg = Release|Any CPU
		{146536C0-7F87-4D4E-9FF8-A40F09ED9519}.Release|x64.Build.0 = Release|Any CPU
		{146536C0-7F87-4D4E-9FF8-A40F09ED9519}.Release|x86.ActiveCfg = Release|Any CPU
		{146536C0-7F87-4D4E-9FF8-A40F09ED9519}.Release|x86.Build.0 = Release|Any CPU
	EndGlobalSection
	GlobalSection(SolutionProperties) = preSolution
		HideSolutionNode = FALSE
	EndGlobalSection
EndGlobal
